
Microsoft Visual Studio Solution File, Format Version 12.00
# Visual Studio 14
VisualStudioVersion = 14.0.25420.1
MinimumVisualStudioVersion = 10.0.40219.1
Project("{8BC9CEB8-8B4A-11D0-8D11-00A0C91BC942}") = "text_highlight", "text_highlight\text_highlight.vcxproj", "{25C6D4EA-4722-433D-9180-151A900DB380}"
EndProject
Project("{8BC9CEB8-8B4A-11D0-8D11-00A0C91BC942}") = "progress", "..\progress\progress\progress.vcxproj", "{97FC4FCF-E8BD-4DD9-AC71-925282AC6BCE}"
EndProject
Project("{8BC9CEB8-8B4A-11D0-8D11-00A0C91BC942}") = "color_pulse", "..\color_pulse\color_pulse\color_pulse.vcxproj", "{CA614F0A-69E6-4C70-9BFE-5B9EE48DE666}"
EndProject
Global
	GlobalSection(SolutionConfigurationPlatforms) = preSolution
		Debug|x64 = Debug|x64
		Debug|x86 = Debug|x86
		Release|x64 = Release|x64
		Release|x86 = Release|x86
	EndGlobalSection
	GlobalSection(ProjectConfigurationPlatforms) = postSolution
		{25C6D4EA-4722-433D-9180-151A900DB380}.Debug|x64.ActiveCfg = Debug|x64
		{25C6D4EA-4722-433D-9180-151A900DB380}.Debug|x64.Build.0 = Debug|x64
		{25C6D4EA-4722-433D-9180-151A900DB380}.Debug|x86.ActiveCfg = Debug|Win32
		{25C6D4EA-4722-433D-9180-151A900DB380}.Debug|x86.Build.0 = Debug|Win32
		{25C6D4EA-4722-433D-9180-151A900DB380}.Release|x64.ActiveCfg = Release|x64
		{25C6D4EA-4722-433D-9180-151A900DB380}.Release|x64.Build.0 = Release|x64
		{25C6D4EA-4722-433D-9180-151A900DB380}.Release|x86.ActiveCfg = Release|Win32
		{25C6D4EA-4722-433D-9180-151A900DB380}.Release|x86.Build.0 = Release|Win32
		{97FC4FCF-E8BD-4DD9-AC71-925282AC6BCE}.Debug|x64.ActiveCfg = Debug|x64
		{97FC4FCF-E8BD-4DD9-AC71-925282AC6BCE}.Debug|x64.Build.0 = Debug|x64
		{97FC4FCF-E8BD-4DD9-AC71-925282AC6BCE}.Debug|x86.ActiveCfg = Debug|Win32
		{97FC4FCF-E8BD-4DD9-AC71-925282AC6BCE}.Debug|x86.Build.0 = Debug|Win32
		{97FC4FCF-E8BD-4DD9-AC71-925282AC6BCE}.Release|x64.ActiveCfg = Release|x64
		{97FC4FCF-E8BD-4DD9-AC71-925282AC6BCE}.Release|x64.Build.0 = Release|x64
		{97FC4FCF-E8BD-4DD9-AC71-925282AC6BCE}.Release|x86.ActiveCfg = Release|Win32
		{97FC4FCF-E8BD-4DD9-AC71-925282AC6BCE}.Release|x86.Build.0 = Release|Win32
		{CA614F0A-69E6-4C70-9BFE-5B9EE48DE666}.Debug|x64.ActiveCfg = Debug|x64
		{CA614F0A-69E6-4C70-9BFE-5B9EE48DE666}.Debug|x64.Build.0 = Debug|x64
		{CA614F0A-69E6-4C70-9BFE-5B9EE48DE666}.Debug|x86.ActiveCfg = Debug|Win32
		{CA614F0A-69E6-4C70-9BFE-5B9EE48DE666}.Debug|x86.Build.0 = Debug|Win32
		{CA614F0A-69E6-4C70-9BFE-5B9EE48DE666}.Release|x64.ActiveCfg = Release|x64
		{CA614F0A-69E6-4C70-9BFE-5B9EE48DE666}.Release|x64.Build.0 = Release|x64
		{CA614F0A-69E6-4C70-9BFE-5B9EE48DE666}.Release|x86.ActiveCfg = Release|Win32
		{CA614F0A-69E6-4C70-9BFE-5B9EE48DE666}.Release|x86.Build.0 = Release|Win32
	EndGlobalSection
	GlobalSection(SolutionProperties) = preSolution
		HideSolutionNode = FALSE
	EndGlobalSection
EndGlobal
